
Microsoft Visual Studio Solution File, Format Version 12.00
# Visual Studio Version 17
VisualStudioVersion = 17.14.36518.9 d17.14
MinimumVisualStudioVersion = 10.0.40219.1
Project("{FAE04EC0-301F-11D3-BF4B-00C04F79EFBC}") = "Warp", "Warp\Warp.csproj", "{50EC699D-C515-4062-995E-6822C78F5588}"
EndProject
Project("{FAE04EC0-301F-11D3-BF4B-00C04F79EFBC}") = "WarpCore", "WarpCore\WarpCore.csproj", "{1A77CDDD-5FD1-4E1E-B1A6-9C71ECFE5872}"
EndProject
Global
	GlobalSection(SolutionConfigurationPlatforms) = preSolution
		Debug|Any CPU = Debug|Any CPU
		Release|Any CPU = Release|Any CPU
	EndGlobalSection
	GlobalSection(ProjectConfigurationPlatforms) = postSolution
		{50EC699D-C515-4062-995E-6822C78F5588}.Debug|Any CPU.ActiveCfg = Debug|Any CPU
		{50EC699D-C515-4062-995E-6822C78F5588}.Debug|Any CPU.Build.0 = Debug|Any CPU
		{50EC699D-C515-4062-995E-6822C78F5588}.Release|Any CPU.ActiveCfg = Release|Any CPU
		{50EC699D-C515-4062-995E-6822C78F5588}.Release|Any CPU.Build.0 = Release|Any CPU
		{1A77CDDD-5FD1-4E1E-B1A6-9C71ECFE5872}.Debug|Any CPU.ActiveCfg = Debug|Any CPU
		{1A77CDDD-5FD1-4E1E-B1A6-9C71ECFE5872}.Debug|Any CPU.Build.0 = Debug|Any CPU
		{1A77CDDD-5FD1-4E1E-B1A6-9C71ECFE5872}.Release|Any CPU.ActiveCfg = Release|Any CPU
		{1A77CDDD-5FD1-4E1E-B1A6-9C71ECFE5872}.Release|Any CPU.Build.0 = Release|Any CPU
	EndGlobalSection
	GlobalSection(SolutionProperties) = preSolution
		HideSolutionNode = FALSE
	EndGlobalSection
	GlobalSection(ExtensibilityGlobals) = postSolution
		SolutionGuid = {4490F568-B4C2-4F04-B4F2-84BD7EF5605D}
	EndGlobalSection
EndGlobal
